
Microsoft Visual Studio Solution File, Format Version 12.00
# Visual Studio Version 17
VisualStudioVersion = 17.12.35707.178
MinimumVisualStudioVersion = 10.0.40219.1
Project("{FAE04EC0-301F-11D3-BF4B-00C04F79EFBC}") = "XiaomiReFund.Domain", "XiaomiReFund.Domain\XiaomiReFund.Domain.csproj", "{18AA3F10-A1DA-4352-94F2-EE454D7AA42B}"
EndProject
Project("{FAE04EC0-301F-11D3-BF4B-00C04F79EFBC}") = "XiaomiReFund.Application", "XiaomiReFund.Application\XiaomiReFund.Application.csproj", "{4028BB9B-9298-4D7D-BB78-28CA1DE328AC}"
EndProject
Project("{FAE04EC0-301F-11D3-BF4B-00C04F79EFBC}") = "XiaomiReFund.Infrastructure", "XiaomiReFund.Infrastructure\XiaomiReFund.Infrastructure.csproj", "{1B018046-D626-4A67-A57D-CF72E13244D6}"
EndProject
Global
	GlobalSection(SolutionConfigurationPlatforms) = preSolution
		Debug|Any CPU = Debug|Any CPU
		Release|Any CPU = Release|Any CPU
	EndGlobalSection
	GlobalSection(ProjectConfigurationPlatforms) = postSolution
		{18AA3F10-A1DA-4352-94F2-EE454D7AA42B}.Debug|Any CPU.ActiveCfg = Debug|Any CPU
		{18AA3F10-A1DA-4352-94F2-EE454D7AA42B}.Debug|Any CPU.Build.0 = Debug|Any CPU
		{18AA3F10-A1DA-4352-94F2-EE454D7AA42B}.Release|Any CPU.ActiveCfg = Release|Any CPU
		{18AA3F10-A1DA-4352-94F2-EE454D7AA42B}.Release|Any CPU.Build.0 = Release|Any CPU
		{4028BB9B-9298-4D7D-BB78-28CA1DE328AC}.Debug|Any CPU.ActiveCfg = Debug|Any CPU
		{4028BB9B-9298-4D7D-BB78-28CA1DE328AC}.Debug|Any CPU.Build.0 = Debug|Any CPU
		{4028BB9B-9298-4D7D-BB78-28CA1DE328AC}.Release|Any CPU.ActiveCfg = Release|Any CPU
		{4028BB9B-9298-4D7D-BB78-28CA1DE328AC}.Release|Any CPU.Build.0 = Release|Any CPU
		{1B018046-D626-4A67-A57D-CF72E13244D6}.Debug|Any CPU.ActiveCfg = Debug|Any CPU
		{1B018046-D626-4A67-A57D-CF72E13244D6}.Debug|Any CPU.Build.0 = Debug|Any CPU
		{1B018046-D626-4A67-A57D-CF72E13244D6}.Release|Any CPU.ActiveCfg = Release|Any CPU
		{1B018046-D626-4A67-A57D-CF72E13244D6}.Release|Any CPU.Build.0 = Release|Any CPU
	EndGlobalSection
	GlobalSection(SolutionProperties) = preSolution
		HideSolutionNode = FALSE
	EndGlobalSection
EndGlobal
